
Microsoft Visual Studio Solution File, Format Version 12.00
# Visual Studio Version 17
VisualStudioVersion = 17.14.36414.22 d17.14
MinimumVisualStudioVersion = 10.0.40219.1
Project("{FAE04EC0-301F-11D3-BF4B-00C04F79EFBC}") = "FuelEfficiencyExercise", "FuelEfficiencyExercise.csproj", "{67543928-F253-40B4-B127-CF6D7B15E051}"
EndProject
Global
	GlobalSection(SolutionConfigurationPlatforms) = preSolution
		Debug|Any CPU = Debug|Any CPU
		Release|Any CPU = Release|Any CPU
	EndGlobalSection
	GlobalSection(ProjectConfigurationPlatforms) = postSolution
		{67543928-F253-40B4-B127-CF6D7B15E051}.Debug|Any CPU.ActiveCfg = Debug|Any CPU
		{67543928-F253-40B4-B127-CF6D7B15E051}.Debug|Any CPU.Build.0 = Debug|Any CPU
		{67543928-F253-40B4-B127-CF6D7B15E051}.Release|Any CPU.ActiveCfg = Release|Any CPU
		{67543928-F253-40B4-B127-CF6D7B15E051}.Release|Any CPU.Build.0 = Release|Any CPU
	EndGlobalSection
	GlobalSection(SolutionProperties) = preSolution
		HideSolutionNode = FALSE
	EndGlobalSection
	GlobalSection(ExtensibilityGlobals) = postSolution
		SolutionGuid = {21A6FA80-2DE6-4417-B4FE-330BBD9625DD}
	EndGlobalSection
EndGlobal
